
Microsoft Visual Studio Solution File, Format Version 12.00
# Visual Studio Version 17
VisualStudioVersion = 17.4.33110.190
MinimumVisualStudioVersion = 10.0.40219.1
Project("{9A19103F-16F7-4668-BE54-9A1E7A4F7556}") = "TourBooking.Web", "TourBooking.Web\TourBooking.Web.csproj", "{634C851B-039A-4605-8758-7B732F559692}"
EndProject
Project("{9A19103F-16F7-4668-BE54-9A1E7A4F7556}") = "TourBooking.Core", "TourBooking.Core\TourBooking.Core.csproj", "{8BE5FC6E-2C15-4C20-A242-03CD519D5DBE}"
EndProject
Project("{9A19103F-16F7-4668-BE54-9A1E7A4F7556}") = "TourBooking.Infrastructure", "TourBooking.Infrastructure\TourBooking.Infrastructure.csproj", "{471FDFF2-B93D-44AE-9539-B3D8D581938F}"
EndProject
Global
	GlobalSection(SolutionConfigurationPlatforms) = preSolution
		Debug|Any CPU = Debug|Any CPU
		Release|Any CPU = Release|Any CPU
	EndGlobalSection
	GlobalSection(ProjectConfigurationPlatforms) = postSolution
		{634C851B-039A-4605-8758-7B732F559692}.Debug|Any CPU.ActiveCfg = Debug|Any CPU
		{634C851B-039A-4605-8758-7B732F559692}.Debug|Any CPU.Build.0 = Debug|Any CPU
		{634C851B-039A-4605-8758-7B732F559692}.Release|Any CPU.ActiveCfg = Release|Any CPU
		{634C851B-039A-4605-8758-7B732F559692}.Release|Any CPU.Build.0 = Release|Any CPU
		{8BE5FC6E-2C15-4C20-A242-03CD519D5DBE}.Debug|Any CPU.ActiveCfg = Debug|Any CPU
		{8BE5FC6E-2C15-4C20-A242-03CD519D5DBE}.Debug|Any CPU.Build.0 = Debug|Any CPU
		{8BE5FC6E-2C15-4C20-A242-03CD519D5DBE}.Release|Any CPU.ActiveCfg = Release|Any CPU
		{8BE5FC6E-2C15-4C20-A242-03CD519D5DBE}.Release|Any CPU.Build.0 = Release|Any CPU
		{471FDFF2-B93D-44AE-9539-B3D8D581938F}.Debug|Any CPU.ActiveCfg = Debug|Any CPU
		{471FDFF2-B93D-44AE-9539-B3D8D581938F}.Debug|Any CPU.Build.0 = Debug|Any CPU
		{471FDFF2-B93D-44AE-9539-B3D8D581938F}.Release|Any CPU.ActiveCfg = Release|Any CPU
		{471FDFF2-B93D-44AE-9539-B3D8D581938F}.Release|Any CPU.Build.0 = Release|Any CPU
	EndGlobalSection
	GlobalSection(SolutionProperties) = preSolution
		HideSolutionNode = FALSE
	EndGlobalSection
	GlobalSection(ExtensibilityGlobals) = postSolution
		SolutionGuid = {E6820493-17EB-4E81-B3E3-1E3E8EB4CC9C}
	EndGlobalSection
EndGlobal
